{
  "name": "project-001",
  "version": "0.1.0",
  "lockfileVersion": 3,
  "requires": true,
  "packages": {
    "": {
      "name": "project-001",
      "version": "0.1.0",
      "workspaces": [
        "packages/*"
      ]
    },
    "node_modules/@strawberry/agent": {
      "resolved": "packages/agent",
      "link": true
    },
    "node_modules/@strawberry/app": {
      "resolved": "packages/app",
      "link": true
    },
    "node_modules/@strawberry/shared": {
      "resolved": "packages/shared",
      "link": true
    },
    "packages/agent": {
      "name": "@strawberry/agent",
      "version": "0.1.0"
    },
    "packages/app": {
      "name": "@strawberry/app",
      "version": "0.1.0"
    },
    "packages/shared": {
      "name": "@strawberry/shared",
      "version": "0.1.0"
    }
  }
}
